
Microsoft Visual Studio Solution File, Format Version 12.00
# Visual Studio Version 17
VisualStudioVersion = 17.6.33829.357
MinimumVisualStudioVersion = 10.0.40219.1
Project("{FAE04EC0-301F-11D3-BF4B-00C04F79EFBC}") = "Aplikacja Blazor Serwer", "Aplikacja Blazor Serwer\Aplikacja Blazor Serwer.csproj", "{98B9DF5F-F9D8-49EF-A8D6-8148F2F49DF1}"
EndProject
Global
	GlobalSection(SolutionConfigurationPlatforms) = preSolution
		Debug|Any CPU = Debug|Any CPU
		Release|Any CPU = Release|Any CPU
	EndGlobalSection
	GlobalSection(ProjectConfigurationPlatforms) = postSolution
		{98B9DF5F-F9D8-49EF-A8D6-8148F2F49DF1}.Debug|Any CPU.ActiveCfg = Debug|Any CPU
		{98B9DF5F-F9D8-49EF-A8D6-8148F2F49DF1}.Debug|Any CPU.Build.0 = Debug|Any CPU
		{98B9DF5F-F9D8-49EF-A8D6-8148F2F49DF1}.Release|Any CPU.ActiveCfg = Release|Any CPU
		{98B9DF5F-F9D8-49EF-A8D6-8148F2F49DF1}.Release|Any CPU.Build.0 = Release|Any CPU
	EndGlobalSection
	GlobalSection(SolutionProperties) = preSolution
		HideSolutionNode = FALSE
	EndGlobalSection
	GlobalSection(ExtensibilityGlobals) = postSolution
		SolutionGuid = {43453295-945F-4F60-BC46-1A7295D029DE}
	EndGlobalSection
EndGlobal
